
Microsoft Visual Studio Solution File, Format Version 12.00
# Visual Studio Version 16
VisualStudioVersion = 16.0.809.0
MinimumVisualStudioVersion = 10.0.40219.1
Project("{FAE04EC0-301F-11D3-BF4B-00C04F79EFBC}") = "queue-helper", "src\queue-helper\queue-helper.csproj", "{57542F39-DC3A-466D-8B1B-B35D00357179}"
EndProject
Project("{FAE04EC0-301F-11D3-BF4B-00C04F79EFBC}") = "tablestorage-helper", "src\tablestorage-helper\tablestorage-helper.csproj", "{7C0A5473-ADA4-40CB-B66F-166DDC892162}"
EndProject
Global
	GlobalSection(SolutionConfigurationPlatforms) = preSolution
		Debug|Any CPU = Debug|Any CPU
		Release|Any CPU = Release|Any CPU
	EndGlobalSection
	GlobalSection(ProjectConfigurationPlatforms) = postSolution
		{57542F39-DC3A-466D-8B1B-B35D00357179}.Debug|Any CPU.ActiveCfg = Debug|Any CPU
		{57542F39-DC3A-466D-8B1B-B35D00357179}.Debug|Any CPU.Build.0 = Debug|Any CPU
		{57542F39-DC3A-466D-8B1B-B35D00357179}.Release|Any CPU.ActiveCfg = Release|Any CPU
		{57542F39-DC3A-466D-8B1B-B35D00357179}.Release|Any CPU.Build.0 = Release|Any CPU
		{7C0A5473-ADA4-40CB-B66F-166DDC892162}.Debug|Any CPU.ActiveCfg = Debug|Any CPU
		{7C0A5473-ADA4-40CB-B66F-166DDC892162}.Debug|Any CPU.Build.0 = Debug|Any CPU
		{7C0A5473-ADA4-40CB-B66F-166DDC892162}.Release|Any CPU.ActiveCfg = Release|Any CPU
		{7C0A5473-ADA4-40CB-B66F-166DDC892162}.Release|Any CPU.Build.0 = Release|Any CPU
	EndGlobalSection
	GlobalSection(SolutionProperties) = preSolution
		HideSolutionNode = FALSE
	EndGlobalSection
	GlobalSection(ExtensibilityGlobals) = postSolution
		SolutionGuid = {AB0262EE-0C58-4A66-A664-6A76BF287B53}
	EndGlobalSection
EndGlobal
